
Microsoft Visual Studio Solution File, Format Version 12.00
# Visual Studio Version 16
VisualStudioVersion = 16.0.30225.117
MinimumVisualStudioVersion = 10.0.40219.1
Project("{2150E333-8FDC-42A3-9474-1A3956D46DE8}") = "source", "source", "{E3725629-C944-46C1-A2E8-64BDEC9666D6}"
EndProject
Project("{2150E333-8FDC-42A3-9474-1A3956D46DE8}") = "docs", "docs", "{0E1F113D-D46B-4F4C-A5C6-96552C8FBCA9}"
EndProject
Project("{2150E333-8FDC-42A3-9474-1A3956D46DE8}") = "test", "test", "{31565B62-05C3-46B8-87D9-B8E59323F2A1}"
EndProject
Project("{2150E333-8FDC-42A3-9474-1A3956D46DE8}") = "release", "release", "{F9B9CC1D-A2A9-448A-A3E1-2E12AF57E29A}"
EndProject
Project("{2150E333-8FDC-42A3-9474-1A3956D46DE8}") = "data", "data", "{341CE04E-6FD7-4198-874E-6F09933D3AFD}"
EndProject
Project("{9A19103F-16F7-4668-BE54-9A1E7A4F7556}") = "VisionDream.UI", "source\VisionDream.UI\VisionDream.UI.csproj", "{3AE45845-A992-43CB-9EBA-0BE5D62C9F7E}"
EndProject
Project("{9A19103F-16F7-4668-BE54-9A1E7A4F7556}") = "VisionDream.Tests", "test\VisionDream.Tests\VisionDream.Tests.csproj", "{C48F963F-CC38-43A2-A778-C7FE435FDE79}"
EndProject
Project("{9A19103F-16F7-4668-BE54-9A1E7A4F7556}") = "VisionDream.Tests.Runner", "test\VisionDream.Tests.Runner\VisionDream.Tests.Runner.csproj", "{044BEE80-6F21-4F6C-AB7D-BCDB1253F4A7}"
EndProject
Project("{9A19103F-16F7-4668-BE54-9A1E7A4F7556}") = "VisionDream", "source\VisionDream\VisionDream.csproj", "{C9786B41-65DF-4113-A4EF-85FB50FD959D}"
EndProject
Project("{2150E333-8FDC-42A3-9474-1A3956D46DE8}") = "apps", "apps", "{68957596-23EF-4D45-91AC-35FACF87D45D}"
EndProject
Project("{2150E333-8FDC-42A3-9474-1A3956D46DE8}") = "libs", "libs", "{891EB7B3-C2F9-4DFF-A99C-CC63157F06F7}"
EndProject
Project("{9A19103F-16F7-4668-BE54-9A1E7A4F7556}") = "VisionDream.Web", "release\apps\VisionDream.Web\VisionDream.Web.csproj", "{629A8F9F-38AB-4A21-A6B1-FBEE501842C1}"
EndProject
Project("{9A19103F-16F7-4668-BE54-9A1E7A4F7556}") = "OLenake.Web", "release\apps\OLenake.Web\OLenake.Web.csproj", "{73E4A485-A218-46B7-91FE-543E86D35A00}"
EndProject
Project("{9A19103F-16F7-4668-BE54-9A1E7A4F7556}") = "KMMStore.Web", "release\apps\KMMStore.Web\KMMStore.Web.csproj", "{3F3EA404-2C3A-40D3-95D0-232E3D675BDE}"
EndProject
Project("{9A19103F-16F7-4668-BE54-9A1E7A4F7556}") = "VisionDream.Contracts", "source\VisionDream.Contracts\VisionDream.Contracts.csproj", "{0811A98C-E733-44B0-98F4-0659A6D7D93D}"
EndProject
Project("{9A19103F-16F7-4668-BE54-9A1E7A4F7556}") = "VisionDream.Data", "source\VisionDream.Data\VisionDream.Data.csproj", "{18B92A5F-CE0C-48E5-A9D1-0874EB8BF4CC}"
EndProject
Project("{9A19103F-16F7-4668-BE54-9A1E7A4F7556}") = "VisionDream.Services", "source\VisionDream.Services\VisionDream.Services.csproj", "{254FE15C-3EE5-422A-A672-5DCE688D8AAB}"
EndProject
Project("{9A19103F-16F7-4668-BE54-9A1E7A4F7556}") = "VDBank.Web", "release\apps\VDBank.Web\VDBank.Web.csproj", "{01188200-3685-42D7-AA53-D6D5AAD4FF2E}"
EndProject
Project("{9A19103F-16F7-4668-BE54-9A1E7A4F7556}") = "VisionDream.ConsoleRunner", "release\apps\VisionDream.ConsoleRunner\VisionDream.ConsoleRunner.csproj", "{A4BF039B-7796-4ABE-B902-7BB23A90E640}"
EndProject
Project("{9A19103F-16F7-4668-BE54-9A1E7A4F7556}") = "VisionDream.Library", "source\VisionDream.Library\VisionDream.Library.csproj", "{32936476-459A-442A-ABEB-8132B1E8127C}"
EndProject
Project("{FAE04EC0-301F-11D3-BF4B-00C04F79EFBC}") = "LibraryManager.Web", "release\apps\LibraryManager.Web\LibraryManager.Web.csproj", "{F6CDCE73-8205-40FF-9CDE-D6EA1B6899E1}"
EndProject
Project("{FAE04EC0-301F-11D3-BF4B-00C04F79EFBC}") = "VisionDream.Repositories", "source\VisionDream.Repositories\VisionDream.Repositories.csproj", "{C0ED03DD-3CDB-4E6C-BC0C-3AA4CE71224C}"
EndProject
Global
	GlobalSection(SolutionConfigurationPlatforms) = preSolution
		Debug|Any CPU = Debug|Any CPU
		Release|Any CPU = Release|Any CPU
	EndGlobalSection
	GlobalSection(ProjectConfigurationPlatforms) = postSolution
		{3AE45845-A992-43CB-9EBA-0BE5D62C9F7E}.Debug|Any CPU.ActiveCfg = Debug|Any CPU
		{3AE45845-A992-43CB-9EBA-0BE5D62C9F7E}.Debug|Any CPU.Build.0 = Debug|Any CPU
		{3AE45845-A992-43CB-9EBA-0BE5D62C9F7E}.Release|Any CPU.ActiveCfg = Release|Any CPU
		{3AE45845-A992-43CB-9EBA-0BE5D62C9F7E}.Release|Any CPU.Build.0 = Release|Any CPU
		{C48F963F-CC38-43A2-A778-C7FE435FDE79}.Debug|Any CPU.ActiveCfg = Debug|Any CPU
		{C48F963F-CC38-43A2-A778-C7FE435FDE79}.Debug|Any CPU.Build.0 = Debug|Any CPU
		{C48F963F-CC38-43A2-A778-C7FE435FDE79}.Release|Any CPU.ActiveCfg = Release|Any CPU
		{C48F963F-CC38-43A2-A778-C7FE435FDE79}.Release|Any CPU.Build.0 = Release|Any CPU
		{044BEE80-6F21-4F6C-AB7D-BCDB1253F4A7}.Debug|Any CPU.ActiveCfg = Debug|Any CPU
		{044BEE80-6F21-4F6C-AB7D-BCDB1253F4A7}.Debug|Any CPU.Build.0 = Debug|Any CPU
		{044BEE80-6F21-4F6C-AB7D-BCDB1253F4A7}.Release|Any CPU.ActiveCfg = Release|Any CPU
		{044BEE80-6F21-4F6C-AB7D-BCDB1253F4A7}.Release|Any CPU.Build.0 = Release|Any CPU
		{C9786B41-65DF-4113-A4EF-85FB50FD959D}.Debug|Any CPU.ActiveCfg = Debug|Any CPU
		{C9786B41-65DF-4113-A4EF-85FB50FD959D}.Debug|Any CPU.Build.0 = Debug|Any CPU
		{C9786B41-65DF-4113-A4EF-85FB50FD959D}.Release|Any CPU.ActiveCfg = Release|Any CPU
		{C9786B41-65DF-4113-A4EF-85FB50FD959D}.Release|Any CPU.Build.0 = Release|Any CPU
		{629A8F9F-38AB-4A21-A6B1-FBEE501842C1}.Debug|Any CPU.ActiveCfg = Debug|Any CPU
		{629A8F9F-38AB-4A21-A6B1-FBEE501842C1}.Debug|Any CPU.Build.0 = Debug|Any CPU
		{629A8F9F-38AB-4A21-A6B1-FBEE501842C1}.Release|Any CPU.ActiveCfg = Release|Any CPU
		{629A8F9F-38AB-4A21-A6B1-FBEE501842C1}.Release|Any CPU.Build.0 = Release|Any CPU
		{73E4A485-A218-46B7-91FE-543E86D35A00}.Debug|Any CPU.ActiveCfg = Debug|Any CPU
		{73E4A485-A218-46B7-91FE-543E86D35A00}.Debug|Any CPU.Build.0 = Debug|Any CPU
		{73E4A485-A218-46B7-91FE-543E86D35A00}.Release|Any CPU.ActiveCfg = Release|Any CPU
		{73E4A485-A218-46B7-91FE-543E86D35A00}.Release|Any CPU.Build.0 = Release|Any CPU
		{3F3EA404-2C3A-40D3-95D0-232E3D675BDE}.Debug|Any CPU.ActiveCfg = Debug|Any CPU
		{3F3EA404-2C3A-40D3-95D0-232E3D675BDE}.Debug|Any CPU.Build.0 = Debug|Any CPU
		{3F3EA404-2C3A-40D3-95D0-232E3D675BDE}.Release|Any CPU.ActiveCfg = Release|Any CPU
		{3F3EA404-2C3A-40D3-95D0-232E3D675BDE}.Release|Any CPU.Build.0 = Release|Any CPU
		{0811A98C-E733-44B0-98F4-0659A6D7D93D}.Debug|Any CPU.ActiveCfg = Debug|Any CPU
		{0811A98C-E733-44B0-98F4-0659A6D7D93D}.Debug|Any CPU.Build.0 = Debug|Any CPU
		{0811A98C-E733-44B0-98F4-0659A6D7D93D}.Release|Any CPU.ActiveCfg = Release|Any CPU
		{0811A98C-E733-44B0-98F4-0659A6D7D93D}.Release|Any CPU.Build.0 = Release|Any CPU
		{18B92A5F-CE0C-48E5-A9D1-0874EB8BF4CC}.Debug|Any CPU.ActiveCfg = Debug|Any CPU
		{18B92A5F-CE0C-48E5-A9D1-0874EB8BF4CC}.Debug|Any CPU.Build.0 = Debug|Any CPU
		{18B92A5F-CE0C-48E5-A9D1-0874EB8BF4CC}.Release|Any CPU.ActiveCfg = Release|Any CPU
		{18B92A5F-CE0C-48E5-A9D1-0874EB8BF4CC}.Release|Any CPU.Build.0 = Release|Any CPU
		{254FE15C-3EE5-422A-A672-5DCE688D8AAB}.Debug|Any CPU.ActiveCfg = Debug|Any CPU
		{254FE15C-3EE5-422A-A672-5DCE688D8AAB}.Debug|Any CPU.Build.0 = Debug|Any CPU
		{254FE15C-3EE5-422A-A672-5DCE688D8AAB}.Release|Any CPU.ActiveCfg = Release|Any CPU
		{254FE15C-3EE5-422A-A672-5DCE688D8AAB}.Release|Any CPU.Build.0 = Release|Any CPU
		{01188200-3685-42D7-AA53-D6D5AAD4FF2E}.Debug|Any CPU.ActiveCfg = Debug|Any CPU
		{01188200-3685-42D7-AA53-D6D5AAD4FF2E}.Debug|Any CPU.Build.0 = Debug|Any CPU
		{01188200-3685-42D7-AA53-D6D5AAD4FF2E}.Release|Any CPU.ActiveCfg = Release|Any CPU
		{01188200-3685-42D7-AA53-D6D5AAD4FF2E}.Release|Any CPU.Build.0 = Release|Any CPU
		{A4BF039B-7796-4ABE-B902-7BB23A90E640}.Debug|Any CPU.ActiveCfg = Debug|Any CPU
		{A4BF039B-7796-4ABE-B902-7BB23A90E640}.Debug|Any CPU.Build.0 = Debug|Any CPU
		{A4BF039B-7796-4ABE-B902-7BB23A90E640}.Release|Any CPU.ActiveCfg = Release|Any CPU
		{A4BF039B-7796-4ABE-B902-7BB23A90E640}.Release|Any CPU.Build.0 = Release|Any CPU
		{32936476-459A-442A-ABEB-8132B1E8127C}.Debug|Any CPU.ActiveCfg = Debug|Any CPU
		{32936476-459A-442A-ABEB-8132B1E8127C}.Debug|Any CPU.Build.0 = Debug|Any CPU
		{32936476-459A-442A-ABEB-8132B1E8127C}.Release|Any CPU.ActiveCfg = Release|Any CPU
		{32936476-459A-442A-ABEB-8132B1E8127C}.Release|Any CPU.Build.0 = Release|Any CPU
		{F6CDCE73-8205-40FF-9CDE-D6EA1B6899E1}.Debug|Any CPU.ActiveCfg = Debug|Any CPU
		{F6CDCE73-8205-40FF-9CDE-D6EA1B6899E1}.Debug|Any CPU.Build.0 = Debug|Any CPU
		{F6CDCE73-8205-40FF-9CDE-D6EA1B6899E1}.Release|Any CPU.ActiveCfg = Release|Any CPU
		{F6CDCE73-8205-40FF-9CDE-D6EA1B6899E1}.Release|Any CPU.Build.0 = Release|Any CPU
		{C0ED03DD-3CDB-4E6C-BC0C-3AA4CE71224C}.Debug|Any CPU.ActiveCfg = Debug|Any CPU
		{C0ED03DD-3CDB-4E6C-BC0C-3AA4CE71224C}.Debug|Any CPU.Build.0 = Debug|Any CPU
		{C0ED03DD-3CDB-4E6C-BC0C-3AA4CE71224C}.Release|Any CPU.ActiveCfg = Release|Any CPU
		{C0ED03DD-3CDB-4E6C-BC0C-3AA4CE71224C}.Release|Any CPU.Build.0 = Release|Any CPU
	EndGlobalSection
	GlobalSection(SolutionProperties) = preSolution
		HideSolutionNode = FALSE
	EndGlobalSection
	GlobalSection(NestedProjects) = preSolution
		{3AE45845-A992-43CB-9EBA-0BE5D62C9F7E} = {E3725629-C944-46C1-A2E8-64BDEC9666D6}
		{C48F963F-CC38-43A2-A778-C7FE435FDE79} = {31565B62-05C3-46B8-87D9-B8E59323F2A1}
		{044BEE80-6F21-4F6C-AB7D-BCDB1253F4A7} = {31565B62-05C3-46B8-87D9-B8E59323F2A1}
		{C9786B41-65DF-4113-A4EF-85FB50FD959D} = {E3725629-C944-46C1-A2E8-64BDEC9666D6}
		{68957596-23EF-4D45-91AC-35FACF87D45D} = {F9B9CC1D-A2A9-448A-A3E1-2E12AF57E29A}
		{891EB7B3-C2F9-4DFF-A99C-CC63157F06F7} = {F9B9CC1D-A2A9-448A-A3E1-2E12AF57E29A}
		{629A8F9F-38AB-4A21-A6B1-FBEE501842C1} = {68957596-23EF-4D45-91AC-35FACF87D45D}
		{73E4A485-A218-46B7-91FE-543E86D35A00} = {68957596-23EF-4D45-91AC-35FACF87D45D}
		{3F3EA404-2C3A-40D3-95D0-232E3D675BDE} = {68957596-23EF-4D45-91AC-35FACF87D45D}
		{0811A98C-E733-44B0-98F4-0659A6D7D93D} = {E3725629-C944-46C1-A2E8-64BDEC9666D6}
		{18B92A5F-CE0C-48E5-A9D1-0874EB8BF4CC} = {E3725629-C944-46C1-A2E8-64BDEC9666D6}
		{254FE15C-3EE5-422A-A672-5DCE688D8AAB} = {E3725629-C944-46C1-A2E8-64BDEC9666D6}
		{01188200-3685-42D7-AA53-D6D5AAD4FF2E} = {68957596-23EF-4D45-91AC-35FACF87D45D}
		{A4BF039B-7796-4ABE-B902-7BB23A90E640} = {68957596-23EF-4D45-91AC-35FACF87D45D}
		{32936476-459A-442A-ABEB-8132B1E8127C} = {E3725629-C944-46C1-A2E8-64BDEC9666D6}
		{F6CDCE73-8205-40FF-9CDE-D6EA1B6899E1} = {68957596-23EF-4D45-91AC-35FACF87D45D}
		{C0ED03DD-3CDB-4E6C-BC0C-3AA4CE71224C} = {E3725629-C944-46C1-A2E8-64BDEC9666D6}
	EndGlobalSection
	GlobalSection(ExtensibilityGlobals) = postSolution
		SolutionGuid = {29D8B6EA-8990-4762-AFBB-716D13789B6A}
	EndGlobalSection
EndGlobal
